{
  "version": 4,
  "terraform_version": "1.11.0",
  "serial": 2,
  "lineage": "b7625030-f72e-21f2-6fcd-a609b58345eb",
  "outputs": {
    "acr_admin_password": {
      "value": null,
      "type": "string",
      "sensitive": true
    },
    "acr_admin_username": {
      "value": null,
      "type": "string",
      "sensitive": true
    },
    "acr_login_server": {
      "value": null,
      "type": "string"
    },
    "aks_cluster_name": {
      "value": null,
      "type": "string"
    },
    "aks_kube_admin_config_raw": {
      "value": null,
      "type": "string",
      "sensitive": true
    },
    "resource_group_name": {
      "value": "miResourceGroup",
      "type": "string"
    },
    "storage_account_blob_endpoint": {
      "value": null,
      "type": "string"
    }
  },
  "resources": [
    {
      "mode": "managed",
      "type": "azurerm_resource_group",
      "name": "rg",
      "provider": "provider[\"registry.terraform.io/hashicorp/azurerm\"]",
      "instances": [
        {
          "schema_version": 0,
          "attributes": {
            "id": "/subscriptions/e810b42d-1a34-478a-9e9b-3c73cde1571a/resourceGroups/miResourceGroup",
            "location": "westeurope",
            "managed_by": "",
            "name": "miResourceGroup",
            "tags": {
              "environment": "CP2"
            },
            "timeouts": null
          },
          "sensitive_attributes": [],
          "private": "eyJlMmJmYjczMC1lY2FhLTExZTYtOGY4OC0zNDM2M2JjN2M0YzAiOnsiY3JlYXRlIjo1NDAwMDAwMDAwMDAwLCJkZWxldGUiOjU0MDAwMDAwMDAwMDAsInJlYWQiOjMwMDAwMDAwMDAwMCwidXBkYXRlIjo1NDAwMDAwMDAwMDAwfSwic2NoZW1hX3ZlcnNpb24iOiIwIn0="
        }
      ]
    }
  ],
  "check_results": null
}
