{
  "version": 4,
  "terraform_version": "1.11.0",
  "serial": 14,
  "lineage": "b7625030-f72e-21f2-6fcd-a609b58345eb",
  "outputs": {
    "acr_admin_password": {
      "value": "zJM/9coJfOREvC0Hamgxt/oNUKJXR8KgzOhcf7yAGB+ACRBILWTh",
      "type": "string",
      "sensitive": true
    },
    "acr_admin_username": {
      "value": "miContainerRegistry",
      "type": "string",
      "sensitive": true
    },
    "acr_login_server": {
      "value": "micontainerregistry.azurecr.io",
      "type": "string"
    },
    "aks_cluster_name": {
      "value": "miAKS",
      "type": "string"
    },
    "aks_kube_admin_config_raw": {
      "value": "",
      "type": "string",
      "sensitive": true
    },
    "resource_group_name": {
      "value": "miResourceGroup",
      "type": "string"
    },
    "storage_account_blob_endpoint": {
      "value": "https://staccountcp2.blob.core.windows.net/",
      "type": "string"
    }
  },
  "resources": [
    {
      "mode": "managed",
      "type": "azurerm_container_registry",
      "name": "acr",
      "provider": "provider[\"registry.terraform.io/hashicorp/azurerm\"]",
      "instances": [
        {
          "schema_version": 2,
          "attributes": {
            "admin_enabled": true,
            "admin_password": "zJM/9coJfOREvC0Hamgxt/oNUKJXR8KgzOhcf7yAGB+ACRBILWTh",
            "admin_username": "miContainerRegistry",
            "anonymous_pull_enabled": false,
            "data_endpoint_enabled": false,
            "encryption": [
              {
                "enabled": false,
                "identity_client_id": "",
                "key_vault_key_id": ""
              }
            ],
            "export_policy_enabled": true,
            "georeplications": [],
            "id": "/subscriptions/e810b42d-1a34-478a-9e9b-3c73cde1571a/resourceGroups/miResourceGroup/providers/Microsoft.ContainerRegistry/registries/miContainerRegistry",
            "identity": [],
            "location": "westeurope",
            "login_server": "micontainerregistry.azurecr.io",
            "name": "miContainerRegistry",
            "network_rule_bypass_option": "AzureServices",
            "network_rule_set": [],
            "public_network_access_enabled": true,
            "quarantine_policy_enabled": false,
            "resource_group_name": "miResourceGroup",
            "retention_policy": [
              {
                "days": 7,
                "enabled": false
              }
            ],
            "sku": "Basic",
            "tags": {
              "environment": "CP2"
            },
            "timeouts": null,
            "trust_policy": [
              {
                "enabled": false
              }
            ],
            "zone_redundancy_enabled": false
          },
          "sensitive_attributes": [
            [
              {
                "type": "get_attr",
                "value": "admin_password"
              }
            ]
          ],
          "private": "eyJlMmJmYjczMC1lY2FhLTExZTYtOGY4OC0zNDM2M2JjN2M0YzAiOnsiY3JlYXRlIjoxODAwMDAwMDAwMDAwLCJkZWxldGUiOjE4MDAwMDAwMDAwMDAsInJlYWQiOjMwMDAwMDAwMDAwMCwidXBkYXRlIjoxODAwMDAwMDAwMDAwfSwic2NoZW1hX3ZlcnNpb24iOiIyIn0=",
          "dependencies": [
            "azurerm_resource_group.rg"
          ]
        }
      ]
    },
    {
      "mode": "managed",
      "type": "azurerm_kubernetes_cluster",
      "name": "aks",
      "provider": "provider[\"registry.terraform.io/hashicorp/azurerm\"]",
      "instances": [
        {
          "schema_version": 2,
          "attributes": {
            "aci_connector_linux": [],
            "api_server_access_profile": [],
            "api_server_authorized_ip_ranges": [],
            "auto_scaler_profile": [],
            "automatic_channel_upgrade": "",
            "azure_active_directory_role_based_access_control": [],
            "azure_policy_enabled": null,
            "confidential_computing": [],
            "cost_analysis_enabled": false,
            "current_kubernetes_version": "1.30.9",
            "custom_ca_trust_certificates_base64": null,
            "default_node_pool": [
              {
                "capacity_reservation_group_id": "",
                "custom_ca_trust_enabled": false,
                "enable_auto_scaling": false,
                "enable_host_encryption": false,
                "enable_node_public_ip": false,
                "fips_enabled": false,
                "gpu_instance": "",
                "host_group_id": "",
                "kubelet_config": [],
                "kubelet_disk_type": "OS",
                "linux_os_config": [],
                "max_count": 0,
                "max_pods": 250,
                "message_of_the_day": "",
                "min_count": 0,
                "name": "default",
                "node_count": 1,
                "node_labels": {},
                "node_network_profile": [],
                "node_public_ip_prefix_id": "",
                "node_taints": null,
                "only_critical_addons_enabled": false,
                "orchestrator_version": "1.30",
                "os_disk_size_gb": 128,
                "os_disk_type": "Managed",
                "os_sku": "Ubuntu",
                "pod_subnet_id": "",
                "proximity_placement_group_id": "",
                "scale_down_mode": "Delete",
                "snapshot_id": "",
                "tags": null,
                "temporary_name_for_rotation": "",
                "type": "VirtualMachineScaleSets",
                "ultra_ssd_enabled": false,
                "upgrade_settings": [
                  {
                    "drain_timeout_in_minutes": 0,
                    "max_surge": "10%",
                    "node_soak_duration_in_minutes": 0
                  }
                ],
                "vm_size": "Standard_D2s_v3",
                "vnet_subnet_id": "",
                "workload_runtime": "",
                "zones": null
              }
            ],
            "disk_encryption_set_id": "",
            "dns_prefix": "mi-dns",
            "dns_prefix_private_cluster": "",
            "edge_zone": "",
            "enable_pod_security_policy": false,
            "fqdn": "mi-dns-3xin831n.hcp.westeurope.azmk8s.io",
            "http_application_routing_enabled": null,
            "http_application_routing_zone_name": null,
            "http_proxy_config": [],
            "id": "/subscriptions/e810b42d-1a34-478a-9e9b-3c73cde1571a/resourceGroups/miResourceGroup/providers/Microsoft.ContainerService/managedClusters/miAKS",
            "identity": [
              {
                "identity_ids": null,
                "principal_id": "46e5c674-9d86-4674-b33d-982578d759d6",
                "tenant_id": "899789dc-202f-44b4-8472-a6d40f9eb440",
                "type": "SystemAssigned"
              }
            ],
            "image_cleaner_enabled": false,
            "image_cleaner_interval_hours": 48,
            "ingress_application_gateway": [],
            "key_management_service": [],
            "key_vault_secrets_provider": [],
            "kube_admin_config": [],
            "kube_admin_config_raw": "",
            "kube_config": [
              {
                "client_certificate": "LS0tLS1CRUdJTiBDRVJUSUZJQ0FURS0tLS0tCk1JSUZIakNDQXdhZ0F3SUJBZ0lSQUppRU9GOGFJU3JaNlpoOFhCMUhURWt3RFFZSktvWklodmNOQVFFTEJRQXcKRFRFTE1Ba0dBMVVFQXhNQ1kyRXdIaGNOTWpVd016RXpNRGd5TWpBM1doY05NamN3TXpFek1EZ3pNakEzV2pBdwpNUmN3RlFZRFZRUUtFdzV6ZVhOMFpXMDZiV0Z6ZEdWeWN6RVZNQk1HQTFVRUF4TU1iV0Z6ZEdWeVkyeHBaVzUwCk1JSUNJakFOQmdrcWhraUc5dzBCQVFFRkFBT0NBZzhBTUlJQ0NnS0NBZ0VBNllBNU81cEVTYW1LUE5LdnBiazAKMlZ2OURFcVlmVy80ZHNRLzh6V1Ric0UrRUZGbm5mME8vWGZwK2RGKzZyazJ4eDJjZERWR1NabFdwU3ZiZCtwYwpRdFB6ZE9adGoraUM3ZFJxS3FvSml2RUhjYUh2d01SQ2kyRWx0WGRTTmVEcVoyanNnMHlUSlB6SnNBSk85V2loCkIzcXlQU2dYalFaaTNYME14dGp5Tnp1R3ZkVS8vUFh1djBET1VpYVkzUG51WjRyQTJ5OHEvVWUyZW9RMHFMWEEKb2ZjV2RONkdQajdYT1BNdlpPT2tmV2FhTUw4OHZSbzFQcU9OYjZ3LzdsR1BCNUVFOTJRVlR3cjRnMEFSdHpJeQpXZkVRQ2lhUmxHb1ZDOUw0T3BSWHJvbnlNVERQVjBEMHdFL0habFVvZklJRElHbllKZlk0a1dEeVYyMWdVenVzCk15MUREanR5V0tJTEpvMnJmQUE0ZmtRRDdmOERKM3YrWFBnbW9odHJQSHBxSGo0YklSSG1QQUthajg3S0Nsb2UKSENNdlJBbXFxWkJFeHdzNDl0VkFpclRsUVNXaS8rRmJNUWpua3dmTitvczRQd05Ta09LK3Z3eVV1cU53M2FHdwpOdmR5MDNiYjd3RGdLcDVETGh3T0c1dXVRaEZSTzR5UXlDaUpoeUV4SGUyd3Z3cmpYcVE0RmFMalVVK0JNN1VYCmh4STZ3dFNhckJETXhxVXRoZDFKZ3cvR1prUjhGVU82bW84TWxhWVp5cFN5UEFOQkg5emhUTTF6WjhXT0dSUnYKVW44QkZ1blJSTndQNjhBdm5zSmkvcUs5TkFNeWpEQ0F1ZWNKWjYyWEIyb01tczBDU2RiTWtkd1FmdXB2RGhMQQpPVDRCWDA5RmlBMlhFZkg3Wk5NUWF1OENBd0VBQWFOV01GUXdEZ1lEVlIwUEFRSC9CQVFEQWdXZ01CTUdBMVVkCkpRUU1NQW9HQ0NzR0FRVUZCd01DTUF3R0ExVWRFd0VCL3dRQ01BQXdId1lEVlIwakJCZ3dGb0FVcnpDdXEzZmMKdCtjbUhOZG55ajNJcW5sbWxWb3dEUVlKS29aSWh2Y05BUUVMQlFBRGdnSUJBSXI5SElFOEJYc3ZrZnppQ1lGagp4dkRXOFpYWVVmOXhVaTRhQkZuZXE5ZldZOFpVNVM3anVlOEVBV2hyUzE1UXoxeDh1QkZJQmthaXZDT1hLaGtmCmQwVUJId3JNNUVkdEtOLzZjQ2IzQm1kRVk3L2VNRUNVeHNTenVRaWU4cGtscEMzRjNDRzNDT2RsbjB3NGM1ajgKZDJneTd1UGxJVFZoaGc5bmhUbU5tbVg0SEZUWjU0N2tVSUpLa1c5Qlphcnc0cDl4SzZESTJCbDYwbnl3QzFCagpuMmgzYVNpTW1GOGdCWWZzS0RPMko4K0VjWE5zV0hnTVB2dVNOWlhiY2FUdFZoVlhhalZEMHVQUFFvMDNrbkNYCkZBY0RGZzFQKzRIVFR2cHFrTEU3Y2FOMlg3V1B2WFNiNDVvR25DUEtlYTl4WGdISW43VnYwUHFTKzAxOFRtbTIKSENKWFFEUytyQURjWnVLYm1rbW9pUjkySDJOQmd1WkhtKzlTQUFKL0RMRVRVT3RvWmZtOWJxbGtiaTZ2RWFjZwpUMms5SHc1S214bWU4SmpVWjBzR3MrcThnSnAxZC93djN3cmFVWU9oZDVmM1hNeEdqcWRHbm9YMUl1cnUzdFZYCmp1VGs2Nk80NEViVDBXN3lwd09RWmsyVHlJN1JvM21TOXdnZWtUTW00R0ZrakRqNDRFZkpOU3dEU3V5eUUxZkwKOGNMV1djQU1CK2cxU01JbjhKTzZyRGFQYm52UzV2T1pEYWdmcVY1VVQ3cHByZWgvVXg1VmdmcmI1cE55SHBJRQp0elMzMUhVWVRrbE5Cd0U1ZTFLc01GVGJDVmtYajNGNVExU01udjZ6ZXgraDZJa0xyTnVSQnVxMk5VTE8rRnJsClFYWHN5UmpITmgyMUZlS3ZES3ZHVHN1VgotLS0tLUVORCBDRVJUSUZJQ0FURS0tLS0tCg==",
                "client_key": "LS0tLS1CRUdJTiBSU0EgUFJJVkFURSBLRVktLS0tLQpNSUlKS0FJQkFBS0NBZ0VBNllBNU81cEVTYW1LUE5LdnBiazAyVnY5REVxWWZXLzRkc1EvOHpXVGJzRStFRkZuCm5mME8vWGZwK2RGKzZyazJ4eDJjZERWR1NabFdwU3ZiZCtwY1F0UHpkT1p0aitpQzdkUnFLcW9KaXZFSGNhSHYKd01SQ2kyRWx0WGRTTmVEcVoyanNnMHlUSlB6SnNBSk85V2loQjNxeVBTZ1hqUVppM1gwTXh0anlOenVHdmRVLwovUFh1djBET1VpYVkzUG51WjRyQTJ5OHEvVWUyZW9RMHFMWEFvZmNXZE42R1BqN1hPUE12Wk9Pa2ZXYWFNTDg4CnZSbzFQcU9OYjZ3LzdsR1BCNUVFOTJRVlR3cjRnMEFSdHpJeVdmRVFDaWFSbEdvVkM5TDRPcFJYcm9ueU1URFAKVjBEMHdFL0habFVvZklJRElHbllKZlk0a1dEeVYyMWdVenVzTXkxRERqdHlXS0lMSm8ycmZBQTRma1FEN2Y4RApKM3YrWFBnbW9odHJQSHBxSGo0YklSSG1QQUthajg3S0Nsb2VIQ012UkFtcXFaQkV4d3M0OXRWQWlyVGxRU1dpCi8rRmJNUWpua3dmTitvczRQd05Ta09LK3Z3eVV1cU53M2FHd052ZHkwM2JiN3dEZ0twNURMaHdPRzV1dVFoRlIKTzR5UXlDaUpoeUV4SGUyd3Z3cmpYcVE0RmFMalVVK0JNN1VYaHhJNnd0U2FyQkRNeHFVdGhkMUpndy9HWmtSOApGVU82bW84TWxhWVp5cFN5UEFOQkg5emhUTTF6WjhXT0dSUnZVbjhCRnVuUlJOd1A2OEF2bnNKaS9xSzlOQU15CmpEQ0F1ZWNKWjYyWEIyb01tczBDU2RiTWtkd1FmdXB2RGhMQU9UNEJYMDlGaUEyWEVmSDdaTk1RYXU4Q0F3RUEKQVFLQ0FnQnkySmhOMG9DSDRwV1ZlT0xmbGdxQ1poWStOMnB0Titkek11OXBSZzZ2eU9nbnlvSTJXTU5Jcy9RbQo1WDJSSVd2cDM0eVdNNlhRaVZUdWhIVzdzMCtScHdIMW0yaUVBWTUwUDZmQU9FWGRTdE9vZGtlZi9tZmtlZkc4CklXWVVEZjM4d3NTaGg4WlB5TzNDWGtCTHdCeUR1enR6alFhWVhHM0FGc04wQWp5UUlmMFIzWk5OYmdEeG5JUmUKTDVHOERrbk9MNWJQdDVGalppUkFla29VT09ENFNMbUkzZklWSjM5Z0NXeGtLUHM4bW54NFFYYzBZM0dRejR5LwpRbTluWGtJRkxMVE9vVEZCNFZsOTVNTlI0YVNXVEZUaFNUc05UbWZ2bXVKd25ZbksxUnFFUzBlUDJPa0l0YlNUCmhvc1ZRalViZWpQUDZCekdsSEpkd2ZSQXUvYmpmRS9qazJTSzkzSk9ubDNuTEFtb0o1NVVVVW8xUEh1bXRsa1cKNWUzUEtSOWVVV2l1ZjBWbzNLaTFEMGltSzFnenhnaElCeWJuWE5iQlEzL09OMVlxd1d2UE96emw2RFFmY0NVVgpZci9ITHZNRTRiaDFRanh2ZmlKOGgzR29YaitKTWw4REpZQmpzNlh3WE5UOWpXYkwyU0QzS3ZaRElPbzg2RXNtCkMyUE5qTFV3OGNHdDEyS1MreVZ4SEtHdElTZlhRMUV1dmh6QzZLVnFPZnI5TUNNV3o4RlRDUTZKMi9GSGFhSTUKRHMxZytEN0YrTEpyVlEwdjJDbXpGRWZwb3ovNkhqdUJ3TGxJWGlPOFRxalZYam1WMlhOaWNtNmNMZnBFK1ZZUwpVUzdPeHZ5dGpac3dDVWd1OXd4ZWFhczRFVDdzQnFjd3VHVnNmdEpXTExIQWlUcGhjUUtDQVFFQS9lUzcybTBCCjBaN0tHUWtDUXBiS0xBSmc0U3RtNE5TdnBnTVRNRlo0bUFoSzJLQk5iTVQ0a1ZJTDZ2dVRqV05aRnVCcXdMa04Kbk41VUdOYVdzZ2lEclIvWkloa3gzUnlVWjJaTkxaWFBDMmFlaGdaUEdMTFFnbG43QTRVMXl1NGR6bEpUdjhRMgpyK0I5VE1iamVsKzY2SWdKT3lkYi9QRFVFZ1VEMnE4MnZaU09jbnFaRmFUYkZsc0lnWEErNmZZM3gxSUNpczRWCkFYY0E2ZUNGTGExdDJ3LzRYb0NSdWRXQ3AwVjRLT2dEaVk1WmIxM0F4QjM3bGlpbkxLRHAvQTlVTWR4dGdGUSsKZDN6ZVBCeEh3VUZDRjZiMEJUUExUem9ob1l5eG5IMUpDdFh4R3lEUXVFYTZCSVVKRFJESHRhUHAwS29tbTVZUwpMdHBKbTl4VEhlVk9YUUtDQVFFQTYzQXRGdVBXVkd5QTYyanlxanNic2FtZVpyYTF0RXpGVmxWMGx6VnlDeGFXCm9tOGUvNWJWcXk3dHRVajI4MTg2OUJHZHRZakZqWGo4RWUvZkFqbWRlRFZadWRZUjVUa2lmM0lqcCtQZjl6OTMKRHZsUjA1QS9GUm9tVEdiYUxQSFplNmhqbU1JWXN3VlU0d1M3RWZvcVlLeUVnZi9rUE1lWjJQdXZ4eGFoeVk3Zgp2VEQ1bFg5R2swT0Zhc2t4NUZ5aDhXWndobktabHhOcktxOUFPbksrMnNiMVJmempjUWNTOVZCUWUrTjB3SlZiCmlaT1NIcTc2a3lMVGpBVmNIZCswWEVCeFZ4cEFJcCsxYThPaWJheW44eG0ycFY3b3pxd1Z4ZG9raTM0WkhqU0wKeUlaMkpTMHBZVDlGRmNwbCtBaW0zdjd4ckMvajRURmNzd0s5RGd3UnV3S0NBUUJZSkhDVEJBVDlvUUxJYmpnNgpwZDdLS0lrNW9yZTBsaUhrb0d5bysxd2lhNzZRTmhhckREYS9QSnltbDNCQ1JadElOZURaeDJUU2NOMEJRbjVPCmtHWW1WRWd0YmxIQlVZcXoydkF3UXpIOTQwSmxoUXN3cCtON1hZR25WemUxbTdUOVM5ZUhXN2NnbCs3b0dLUWcKZDl1TG5xNlZ1clJVdThiaitwbTc4ZGd2T01PN09wU3F6dkRBY2hvaDFiWUJ3MWpaK2I2b01hTlpQdGN5V3AvaAptN1BudVVPZ2kwSU1JZk9aM3FRNGoxT3JEYUErNlcxaXFJWVBPMDNPVUk3cTB1ZUg1OTZjRHFNaEdGaU94Y0tqCmRPUmRFYmpsbFhXZnE2N0JSdmJpUFJ4K2hvZU53M2F5Z3R0UmRsNE9DeVZLQ2YzQ1UwL1Q4K1djSG13dmorM0wKRXpDQkFvSUJBRXlYU1pQUXVzRHNLMlJwMThlWlF3RWc5TzdsTVdkZU1qUkx5SW9JVVBsYWQ5YVAzNzIyQy95TQpYN2hCN0ZSdi9uVzM1VjVSQ0RObDBGcmxkZDc3YjBiVDFFU29aMW55cEU1aGkwZnEwY2xWVkI0QzdhT3RvVmYwCkVkRjVCRERxM0oxbHdrREhvOUZaUXF3M3RjTzdabDNjd1o2bzZFNzlnQWNlbWFoaXJHOHRrNHV3aXdFZlRvNUoKd1BWa1RsN0Q0OHJzVUY3c21ScVVycUJNTXREUTAxWElzN0g0K3VTaU1JQ3RpQUZGbFkyeENQNVFpNUIveS9SaAp1QUF0SGpKNXUrcm02L2d5Q2ZzNWlZTnRPVUlFa1A1OHR2WkZVZWNxQkV0QkUvSnRLeTZ3V1dqNmxTU3k5R3MyCmNmc014TzlUb1RXYUtuU2hmN2lhbmxWOTVwTFRTbEVDZ2dFQkFKWnR4cjZWaG1QNkJ6UjBPb0xtbEt2dDVxK0MKK1Npd1dxU1ZFemE1OGRwNEtoVkdya3VmZ3UrNUw0TmIyOFBYdkpGaUU5a3BHZTlGUkRXWGFvTjdXZW45bkFUVApYKzJ6alRVT3lKRVVyaGV4Ry9mVTNHS3c5NysrT1Z4Nlg5czVpekt3VHovR2J3eGl3bGZZRVVRUlJBcDFBNTdZCi9MR2NYKy9rQUxYVHpBeU5RN3NaeTNWRmtDRXhmYkg0VlVjcTBmcFl4TVBPaU5Cc1NuMUd6Q0JrNm1jQUJ6d20KYzFIck00SCtNcHF6WVF2VmNCbkFCK1ZBSXNtaGFlNmZmYkR2MFBCamVra0xsQzUxd09CS2tDWGJ0eGVCTTRrZgpCYkd0OG5sMlkvSmxHU2V6QU15WmJYSlRoME1WYmRzNnM4c00rVktZcHVId2hpcldxaXBJOXFFWGhMOD0KLS0tLS1FTkQgUlNBIFBSSVZBVEUgS0VZLS0tLS0K",
                "cluster_ca_certificate": "LS0tLS1CRUdJTiBDRVJUSUZJQ0FURS0tLS0tCk1JSUU2VENDQXRHZ0F3SUJBZ0lSQU93QmYvbUYzcXJQa2ZIajc3dEsvRm93RFFZSktvWklodmNOQVFFTEJRQXcKRFRFTE1Ba0dBMVVFQXhNQ1kyRXdJQmNOTWpVd016RXpNRGd5TWpBM1doZ1BNakExTlRBek1UTXdPRE15TURkYQpNQTB4Q3pBSkJnTlZCQU1UQW1OaE1JSUNJakFOQmdrcWhraUc5dzBCQVFFRkFBT0NBZzhBTUlJQ0NnS0NBZ0VBCnhrQXlWMTNKc2ZBTWg1WHFRV2xQamZWZnQ1TVNaVlJqRjJZZitEc0xJeVh6eGR6cm9UTjNNNmRtcDFNckxZaEwKZE9BOUZrVWd3OXlIcCt6azQwTGRkV1Znb2RWTDZNM2JoMmdHM0ttb1BvQzFndHRuSndjOE1qSlVXNmxMdU1reAp6dlBaVG11Z3NpT3hlYXlESjJRQ0x5Q1ZmZ2NYSU1sU09uUkJlRndnS0xaWm81cjlkVWdhR25HdDZ2OVd6QVFCCk1kcGFjTkVTTk9pdWRleVRnWk5adTlabGQxRURhN3IzOUVBMlplZXdFM2c4RGRvSjdhN3czMUYwYitpZVN0UHoKdkZMdTZ4cGgrSzMrUTNqU0UxVkE1czRiam05ckkzcW4wMjFhbStXY09kWlhKQktvRGNBUm9VR0pFc2xObW1rcQpiQ1dBOVdxWk93YlhXNmJuRi83NFJqUzlpQlhIbVRjMkxCRXY4ZGk4dGFxbitpUnJaWTVRUExRTk91TEluZXdFCmhLcTArdGJ0K3RqVlpONklsV3pVUktnNk1KVC8rN2RLV1N3STJTZVVNR0QzVVZzcHkwM2VydU9ZamdWVWpPRmYKRVJvT2NmVS9HRVRpc01DOTFzUkNXd1Y1UU5uK3hiWHN2N0RqTmZBZHRQM2N6Qi9WOXJ6RkVzRkRzS0pLa3I5KwppSjd4ekdkN1phS1dtekdBRU5VNzdsZUN6MEcyQm10VWZJQzlkUDk4MytyS1ZWbytBaW9aeUQ2WndONHdlbzBuCi9lZjVOTk1hWmZSby9vcFBGZ3J6K2JxRnNEbHRSdVBRdHZBYkxwU2dnakpqa3ZUUEJObUYzOFVpNDNUQXVEdWEKbFdPeEJCVW9WRWdHeC8zc0ZEUEtDQ0V6cWgwTnBnamtJaS85d3dna0gzOENBd0VBQWFOQ01FQXdEZ1lEVlIwUApBUUgvQkFRREFnS2tNQThHQTFVZEV3RUIvd1FGTUFNQkFmOHdIUVlEVlIwT0JCWUVGSzh3cnF0MzNMZm5KaHpYClo4bzl5S3A1WnBWYU1BMEdDU3FHU0liM0RRRUJDd1VBQTRJQ0FRREIrNjN6cGk1QkZlY0RLS1VLa0tlZmdIbWkKRG5zQ2k2SUxKd0FENzVKR0dpS0lTYlJ2blozc2drYVBNbDB5eWo0YmhvWEZSQkU5U1BzRTcxT2gvVTF5dVY3OQpla05qK0RFbTFQZkJHWVBsL09ZRW1GZ1YyUGxFQjhDd3VpTUtjUU1kUXF3KzFxRFRwN2d4TVo1REVEekNXcXQ2CkhpZWR4eHpFNHJoaFhJQkNrNXY5cU1rOFo1dDQ1YnlaOUlmbkJBQmtmVzBiS2dXYmU5b2F3ZmNNN2ljcW1lOXEKQ3o3bitkOTRuQmk4KytHVVJWcVk5blpoaVZkbk00SEpRcVk5M1dYcTl0R1pUeHBJbUttQm1qNkNXZkdoS3BKcQplRWlBTjBUWE9IRXRSZEsxWmxKWEtuejlKRnZFU1hoTCtsNU1IQ0Z2TmlTUm8xcFN2bXV0Q2NXSWZlNC8xM0JnCkZKSEN6MHlFM2lrNnAvdnRMWnhoZm9NY29KdjlWUlpBbW81SWR4bElMc3REMjI0Uy9oVVcvVS9rd2xQeU5uQ1gKMjFNZkVYb3RicmsrSGVXeUFNM2ZHS1VGRURNd3YyMk54a09OZ09pb1ZZWlpTT3VxbTZocStMbzlkUFBZbS9IVQpYRyttc3RYa3pKbTF3elFNZmpDL0psKzN4clNQYUsvWml5bFBZeW5aU2xJUnNQNzl4dzcwaXRNSVplUDkxT2ZMCjdWdTJSa201bnZ5TExTK3NVQnhnU2VTNnh6VWlYcEcyeVFGQStjL0J6aTRxMktuN3M3Y1hhZGZOemxkb0dlVnkKM1VKQVVCSmI4ZzF3TnIvdm1NN2s5M1lETkdoVjhyZ2NTalNibFo5RjZ3MVVmZlRGOC9UcHphb1Z3ZktyVmUxNQplc2dxVi9PdFRzQTAwa0JWK3c9PQotLS0tLUVORCBDRVJUSUZJQ0FURS0tLS0tCg==",
                "host": "https://mi-dns-3xin831n.hcp.westeurope.azmk8s.io:443",
                "password": "3xiakmsmombdt6c5vlpne3wln25me64gikjbudt6mebclni6d5f6kme1h3eaq7uixi48gabalyutxl3awdt246abpbtogisd9px8pfqre2qp33d319n00ncebn0iy9t8",
                "username": "clusterUser_miResourceGroup_miAKS"
              }
            ],
            "kube_config_raw": "apiVersion: v1\nclusters:\n- cluster:\n    certificate-authority-data: LS0tLS1CRUdJTiBDRVJUSUZJQ0FURS0tLS0tCk1JSUU2VENDQXRHZ0F3SUJBZ0lSQU93QmYvbUYzcXJQa2ZIajc3dEsvRm93RFFZSktvWklodmNOQVFFTEJRQXcKRFRFTE1Ba0dBMVVFQXhNQ1kyRXdJQmNOTWpVd016RXpNRGd5TWpBM1doZ1BNakExTlRBek1UTXdPRE15TURkYQpNQTB4Q3pBSkJnTlZCQU1UQW1OaE1JSUNJakFOQmdrcWhraUc5dzBCQVFFRkFBT0NBZzhBTUlJQ0NnS0NBZ0VBCnhrQXlWMTNKc2ZBTWg1WHFRV2xQamZWZnQ1TVNaVlJqRjJZZitEc0xJeVh6eGR6cm9UTjNNNmRtcDFNckxZaEwKZE9BOUZrVWd3OXlIcCt6azQwTGRkV1Znb2RWTDZNM2JoMmdHM0ttb1BvQzFndHRuSndjOE1qSlVXNmxMdU1reAp6dlBaVG11Z3NpT3hlYXlESjJRQ0x5Q1ZmZ2NYSU1sU09uUkJlRndnS0xaWm81cjlkVWdhR25HdDZ2OVd6QVFCCk1kcGFjTkVTTk9pdWRleVRnWk5adTlabGQxRURhN3IzOUVBMlplZXdFM2c4RGRvSjdhN3czMUYwYitpZVN0UHoKdkZMdTZ4cGgrSzMrUTNqU0UxVkE1czRiam05ckkzcW4wMjFhbStXY09kWlhKQktvRGNBUm9VR0pFc2xObW1rcQpiQ1dBOVdxWk93YlhXNmJuRi83NFJqUzlpQlhIbVRjMkxCRXY4ZGk4dGFxbitpUnJaWTVRUExRTk91TEluZXdFCmhLcTArdGJ0K3RqVlpONklsV3pVUktnNk1KVC8rN2RLV1N3STJTZVVNR0QzVVZzcHkwM2VydU9ZamdWVWpPRmYKRVJvT2NmVS9HRVRpc01DOTFzUkNXd1Y1UU5uK3hiWHN2N0RqTmZBZHRQM2N6Qi9WOXJ6RkVzRkRzS0pLa3I5KwppSjd4ekdkN1phS1dtekdBRU5VNzdsZUN6MEcyQm10VWZJQzlkUDk4MytyS1ZWbytBaW9aeUQ2WndONHdlbzBuCi9lZjVOTk1hWmZSby9vcFBGZ3J6K2JxRnNEbHRSdVBRdHZBYkxwU2dnakpqa3ZUUEJObUYzOFVpNDNUQXVEdWEKbFdPeEJCVW9WRWdHeC8zc0ZEUEtDQ0V6cWgwTnBnamtJaS85d3dna0gzOENBd0VBQWFOQ01FQXdEZ1lEVlIwUApBUUgvQkFRREFnS2tNQThHQTFVZEV3RUIvd1FGTUFNQkFmOHdIUVlEVlIwT0JCWUVGSzh3cnF0MzNMZm5KaHpYClo4bzl5S3A1WnBWYU1BMEdDU3FHU0liM0RRRUJDd1VBQTRJQ0FRREIrNjN6cGk1QkZlY0RLS1VLa0tlZmdIbWkKRG5zQ2k2SUxKd0FENzVKR0dpS0lTYlJ2blozc2drYVBNbDB5eWo0YmhvWEZSQkU5U1BzRTcxT2gvVTF5dVY3OQpla05qK0RFbTFQZkJHWVBsL09ZRW1GZ1YyUGxFQjhDd3VpTUtjUU1kUXF3KzFxRFRwN2d4TVo1REVEekNXcXQ2CkhpZWR4eHpFNHJoaFhJQkNrNXY5cU1rOFo1dDQ1YnlaOUlmbkJBQmtmVzBiS2dXYmU5b2F3ZmNNN2ljcW1lOXEKQ3o3bitkOTRuQmk4KytHVVJWcVk5blpoaVZkbk00SEpRcVk5M1dYcTl0R1pUeHBJbUttQm1qNkNXZkdoS3BKcQplRWlBTjBUWE9IRXRSZEsxWmxKWEtuejlKRnZFU1hoTCtsNU1IQ0Z2TmlTUm8xcFN2bXV0Q2NXSWZlNC8xM0JnCkZKSEN6MHlFM2lrNnAvdnRMWnhoZm9NY29KdjlWUlpBbW81SWR4bElMc3REMjI0Uy9oVVcvVS9rd2xQeU5uQ1gKMjFNZkVYb3RicmsrSGVXeUFNM2ZHS1VGRURNd3YyMk54a09OZ09pb1ZZWlpTT3VxbTZocStMbzlkUFBZbS9IVQpYRyttc3RYa3pKbTF3elFNZmpDL0psKzN4clNQYUsvWml5bFBZeW5aU2xJUnNQNzl4dzcwaXRNSVplUDkxT2ZMCjdWdTJSa201bnZ5TExTK3NVQnhnU2VTNnh6VWlYcEcyeVFGQStjL0J6aTRxMktuN3M3Y1hhZGZOemxkb0dlVnkKM1VKQVVCSmI4ZzF3TnIvdm1NN2s5M1lETkdoVjhyZ2NTalNibFo5RjZ3MVVmZlRGOC9UcHphb1Z3ZktyVmUxNQplc2dxVi9PdFRzQTAwa0JWK3c9PQotLS0tLUVORCBDRVJUSUZJQ0FURS0tLS0tCg==\n    server: https://mi-dns-3xin831n.hcp.westeurope.azmk8s.io:443\n  name: miAKS\ncontexts:\n- context:\n    cluster: miAKS\n    user: clusterUser_miResourceGroup_miAKS\n  name: miAKS\ncurrent-context: miAKS\nkind: Config\npreferences: {}\nusers:\n- name: clusterUser_miResourceGroup_miAKS\n  user:\n    client-certificate-data: LS0tLS1CRUdJTiBDRVJUSUZJQ0FURS0tLS0tCk1JSUZIakNDQXdhZ0F3SUJBZ0lSQUppRU9GOGFJU3JaNlpoOFhCMUhURWt3RFFZSktvWklodmNOQVFFTEJRQXcKRFRFTE1Ba0dBMVVFQXhNQ1kyRXdIaGNOTWpVd016RXpNRGd5TWpBM1doY05NamN3TXpFek1EZ3pNakEzV2pBdwpNUmN3RlFZRFZRUUtFdzV6ZVhOMFpXMDZiV0Z6ZEdWeWN6RVZNQk1HQTFVRUF4TU1iV0Z6ZEdWeVkyeHBaVzUwCk1JSUNJakFOQmdrcWhraUc5dzBCQVFFRkFBT0NBZzhBTUlJQ0NnS0NBZ0VBNllBNU81cEVTYW1LUE5LdnBiazAKMlZ2OURFcVlmVy80ZHNRLzh6V1Ric0UrRUZGbm5mME8vWGZwK2RGKzZyazJ4eDJjZERWR1NabFdwU3ZiZCtwYwpRdFB6ZE9adGoraUM3ZFJxS3FvSml2RUhjYUh2d01SQ2kyRWx0WGRTTmVEcVoyanNnMHlUSlB6SnNBSk85V2loCkIzcXlQU2dYalFaaTNYME14dGp5Tnp1R3ZkVS8vUFh1djBET1VpYVkzUG51WjRyQTJ5OHEvVWUyZW9RMHFMWEEKb2ZjV2RONkdQajdYT1BNdlpPT2tmV2FhTUw4OHZSbzFQcU9OYjZ3LzdsR1BCNUVFOTJRVlR3cjRnMEFSdHpJeQpXZkVRQ2lhUmxHb1ZDOUw0T3BSWHJvbnlNVERQVjBEMHdFL0habFVvZklJRElHbllKZlk0a1dEeVYyMWdVenVzCk15MUREanR5V0tJTEpvMnJmQUE0ZmtRRDdmOERKM3YrWFBnbW9odHJQSHBxSGo0YklSSG1QQUthajg3S0Nsb2UKSENNdlJBbXFxWkJFeHdzNDl0VkFpclRsUVNXaS8rRmJNUWpua3dmTitvczRQd05Ta09LK3Z3eVV1cU53M2FHdwpOdmR5MDNiYjd3RGdLcDVETGh3T0c1dXVRaEZSTzR5UXlDaUpoeUV4SGUyd3Z3cmpYcVE0RmFMalVVK0JNN1VYCmh4STZ3dFNhckJETXhxVXRoZDFKZ3cvR1prUjhGVU82bW84TWxhWVp5cFN5UEFOQkg5emhUTTF6WjhXT0dSUnYKVW44QkZ1blJSTndQNjhBdm5zSmkvcUs5TkFNeWpEQ0F1ZWNKWjYyWEIyb01tczBDU2RiTWtkd1FmdXB2RGhMQQpPVDRCWDA5RmlBMlhFZkg3Wk5NUWF1OENBd0VBQWFOV01GUXdEZ1lEVlIwUEFRSC9CQVFEQWdXZ01CTUdBMVVkCkpRUU1NQW9HQ0NzR0FRVUZCd01DTUF3R0ExVWRFd0VCL3dRQ01BQXdId1lEVlIwakJCZ3dGb0FVcnpDdXEzZmMKdCtjbUhOZG55ajNJcW5sbWxWb3dEUVlKS29aSWh2Y05BUUVMQlFBRGdnSUJBSXI5SElFOEJYc3ZrZnppQ1lGagp4dkRXOFpYWVVmOXhVaTRhQkZuZXE5ZldZOFpVNVM3anVlOEVBV2hyUzE1UXoxeDh1QkZJQmthaXZDT1hLaGtmCmQwVUJId3JNNUVkdEtOLzZjQ2IzQm1kRVk3L2VNRUNVeHNTenVRaWU4cGtscEMzRjNDRzNDT2RsbjB3NGM1ajgKZDJneTd1UGxJVFZoaGc5bmhUbU5tbVg0SEZUWjU0N2tVSUpLa1c5Qlphcnc0cDl4SzZESTJCbDYwbnl3QzFCagpuMmgzYVNpTW1GOGdCWWZzS0RPMko4K0VjWE5zV0hnTVB2dVNOWlhiY2FUdFZoVlhhalZEMHVQUFFvMDNrbkNYCkZBY0RGZzFQKzRIVFR2cHFrTEU3Y2FOMlg3V1B2WFNiNDVvR25DUEtlYTl4WGdISW43VnYwUHFTKzAxOFRtbTIKSENKWFFEUytyQURjWnVLYm1rbW9pUjkySDJOQmd1WkhtKzlTQUFKL0RMRVRVT3RvWmZtOWJxbGtiaTZ2RWFjZwpUMms5SHc1S214bWU4SmpVWjBzR3MrcThnSnAxZC93djN3cmFVWU9oZDVmM1hNeEdqcWRHbm9YMUl1cnUzdFZYCmp1VGs2Nk80NEViVDBXN3lwd09RWmsyVHlJN1JvM21TOXdnZWtUTW00R0ZrakRqNDRFZkpOU3dEU3V5eUUxZkwKOGNMV1djQU1CK2cxU01JbjhKTzZyRGFQYm52UzV2T1pEYWdmcVY1VVQ3cHByZWgvVXg1VmdmcmI1cE55SHBJRQp0elMzMUhVWVRrbE5Cd0U1ZTFLc01GVGJDVmtYajNGNVExU01udjZ6ZXgraDZJa0xyTnVSQnVxMk5VTE8rRnJsClFYWHN5UmpITmgyMUZlS3ZES3ZHVHN1VgotLS0tLUVORCBDRVJUSUZJQ0FURS0tLS0tCg==\n    client-key-data: LS0tLS1CRUdJTiBSU0EgUFJJVkFURSBLRVktLS0tLQpNSUlKS0FJQkFBS0NBZ0VBNllBNU81cEVTYW1LUE5LdnBiazAyVnY5REVxWWZXLzRkc1EvOHpXVGJzRStFRkZuCm5mME8vWGZwK2RGKzZyazJ4eDJjZERWR1NabFdwU3ZiZCtwY1F0UHpkT1p0aitpQzdkUnFLcW9KaXZFSGNhSHYKd01SQ2kyRWx0WGRTTmVEcVoyanNnMHlUSlB6SnNBSk85V2loQjNxeVBTZ1hqUVppM1gwTXh0anlOenVHdmRVLwovUFh1djBET1VpYVkzUG51WjRyQTJ5OHEvVWUyZW9RMHFMWEFvZmNXZE42R1BqN1hPUE12Wk9Pa2ZXYWFNTDg4CnZSbzFQcU9OYjZ3LzdsR1BCNUVFOTJRVlR3cjRnMEFSdHpJeVdmRVFDaWFSbEdvVkM5TDRPcFJYcm9ueU1URFAKVjBEMHdFL0habFVvZklJRElHbllKZlk0a1dEeVYyMWdVenVzTXkxRERqdHlXS0lMSm8ycmZBQTRma1FEN2Y4RApKM3YrWFBnbW9odHJQSHBxSGo0YklSSG1QQUthajg3S0Nsb2VIQ012UkFtcXFaQkV4d3M0OXRWQWlyVGxRU1dpCi8rRmJNUWpua3dmTitvczRQd05Ta09LK3Z3eVV1cU53M2FHd052ZHkwM2JiN3dEZ0twNURMaHdPRzV1dVFoRlIKTzR5UXlDaUpoeUV4SGUyd3Z3cmpYcVE0RmFMalVVK0JNN1VYaHhJNnd0U2FyQkRNeHFVdGhkMUpndy9HWmtSOApGVU82bW84TWxhWVp5cFN5UEFOQkg5emhUTTF6WjhXT0dSUnZVbjhCRnVuUlJOd1A2OEF2bnNKaS9xSzlOQU15CmpEQ0F1ZWNKWjYyWEIyb01tczBDU2RiTWtkd1FmdXB2RGhMQU9UNEJYMDlGaUEyWEVmSDdaTk1RYXU4Q0F3RUEKQVFLQ0FnQnkySmhOMG9DSDRwV1ZlT0xmbGdxQ1poWStOMnB0Titkek11OXBSZzZ2eU9nbnlvSTJXTU5Jcy9RbQo1WDJSSVd2cDM0eVdNNlhRaVZUdWhIVzdzMCtScHdIMW0yaUVBWTUwUDZmQU9FWGRTdE9vZGtlZi9tZmtlZkc4CklXWVVEZjM4d3NTaGg4WlB5TzNDWGtCTHdCeUR1enR6alFhWVhHM0FGc04wQWp5UUlmMFIzWk5OYmdEeG5JUmUKTDVHOERrbk9MNWJQdDVGalppUkFla29VT09ENFNMbUkzZklWSjM5Z0NXeGtLUHM4bW54NFFYYzBZM0dRejR5LwpRbTluWGtJRkxMVE9vVEZCNFZsOTVNTlI0YVNXVEZUaFNUc05UbWZ2bXVKd25ZbksxUnFFUzBlUDJPa0l0YlNUCmhvc1ZRalViZWpQUDZCekdsSEpkd2ZSQXUvYmpmRS9qazJTSzkzSk9ubDNuTEFtb0o1NVVVVW8xUEh1bXRsa1cKNWUzUEtSOWVVV2l1ZjBWbzNLaTFEMGltSzFnenhnaElCeWJuWE5iQlEzL09OMVlxd1d2UE96emw2RFFmY0NVVgpZci9ITHZNRTRiaDFRanh2ZmlKOGgzR29YaitKTWw4REpZQmpzNlh3WE5UOWpXYkwyU0QzS3ZaRElPbzg2RXNtCkMyUE5qTFV3OGNHdDEyS1MreVZ4SEtHdElTZlhRMUV1dmh6QzZLVnFPZnI5TUNNV3o4RlRDUTZKMi9GSGFhSTUKRHMxZytEN0YrTEpyVlEwdjJDbXpGRWZwb3ovNkhqdUJ3TGxJWGlPOFRxalZYam1WMlhOaWNtNmNMZnBFK1ZZUwpVUzdPeHZ5dGpac3dDVWd1OXd4ZWFhczRFVDdzQnFjd3VHVnNmdEpXTExIQWlUcGhjUUtDQVFFQS9lUzcybTBCCjBaN0tHUWtDUXBiS0xBSmc0U3RtNE5TdnBnTVRNRlo0bUFoSzJLQk5iTVQ0a1ZJTDZ2dVRqV05aRnVCcXdMa04Kbk41VUdOYVdzZ2lEclIvWkloa3gzUnlVWjJaTkxaWFBDMmFlaGdaUEdMTFFnbG43QTRVMXl1NGR6bEpUdjhRMgpyK0I5VE1iamVsKzY2SWdKT3lkYi9QRFVFZ1VEMnE4MnZaU09jbnFaRmFUYkZsc0lnWEErNmZZM3gxSUNpczRWCkFYY0E2ZUNGTGExdDJ3LzRYb0NSdWRXQ3AwVjRLT2dEaVk1WmIxM0F4QjM3bGlpbkxLRHAvQTlVTWR4dGdGUSsKZDN6ZVBCeEh3VUZDRjZiMEJUUExUem9ob1l5eG5IMUpDdFh4R3lEUXVFYTZCSVVKRFJESHRhUHAwS29tbTVZUwpMdHBKbTl4VEhlVk9YUUtDQVFFQTYzQXRGdVBXVkd5QTYyanlxanNic2FtZVpyYTF0RXpGVmxWMGx6VnlDeGFXCm9tOGUvNWJWcXk3dHRVajI4MTg2OUJHZHRZakZqWGo4RWUvZkFqbWRlRFZadWRZUjVUa2lmM0lqcCtQZjl6OTMKRHZsUjA1QS9GUm9tVEdiYUxQSFplNmhqbU1JWXN3VlU0d1M3RWZvcVlLeUVnZi9rUE1lWjJQdXZ4eGFoeVk3Zgp2VEQ1bFg5R2swT0Zhc2t4NUZ5aDhXWndobktabHhOcktxOUFPbksrMnNiMVJmempjUWNTOVZCUWUrTjB3SlZiCmlaT1NIcTc2a3lMVGpBVmNIZCswWEVCeFZ4cEFJcCsxYThPaWJheW44eG0ycFY3b3pxd1Z4ZG9raTM0WkhqU0wKeUlaMkpTMHBZVDlGRmNwbCtBaW0zdjd4ckMvajRURmNzd0s5RGd3UnV3S0NBUUJZSkhDVEJBVDlvUUxJYmpnNgpwZDdLS0lrNW9yZTBsaUhrb0d5bysxd2lhNzZRTmhhckREYS9QSnltbDNCQ1JadElOZURaeDJUU2NOMEJRbjVPCmtHWW1WRWd0YmxIQlVZcXoydkF3UXpIOTQwSmxoUXN3cCtON1hZR25WemUxbTdUOVM5ZUhXN2NnbCs3b0dLUWcKZDl1TG5xNlZ1clJVdThiaitwbTc4ZGd2T01PN09wU3F6dkRBY2hvaDFiWUJ3MWpaK2I2b01hTlpQdGN5V3AvaAptN1BudVVPZ2kwSU1JZk9aM3FRNGoxT3JEYUErNlcxaXFJWVBPMDNPVUk3cTB1ZUg1OTZjRHFNaEdGaU94Y0tqCmRPUmRFYmpsbFhXZnE2N0JSdmJpUFJ4K2hvZU53M2F5Z3R0UmRsNE9DeVZLQ2YzQ1UwL1Q4K1djSG13dmorM0wKRXpDQkFvSUJBRXlYU1pQUXVzRHNLMlJwMThlWlF3RWc5TzdsTVdkZU1qUkx5SW9JVVBsYWQ5YVAzNzIyQy95TQpYN2hCN0ZSdi9uVzM1VjVSQ0RObDBGcmxkZDc3YjBiVDFFU29aMW55cEU1aGkwZnEwY2xWVkI0QzdhT3RvVmYwCkVkRjVCRERxM0oxbHdrREhvOUZaUXF3M3RjTzdabDNjd1o2bzZFNzlnQWNlbWFoaXJHOHRrNHV3aXdFZlRvNUoKd1BWa1RsN0Q0OHJzVUY3c21ScVVycUJNTXREUTAxWElzN0g0K3VTaU1JQ3RpQUZGbFkyeENQNVFpNUIveS9SaAp1QUF0SGpKNXUrcm02L2d5Q2ZzNWlZTnRPVUlFa1A1OHR2WkZVZWNxQkV0QkUvSnRLeTZ3V1dqNmxTU3k5R3MyCmNmc014TzlUb1RXYUtuU2hmN2lhbmxWOTVwTFRTbEVDZ2dFQkFKWnR4cjZWaG1QNkJ6UjBPb0xtbEt2dDVxK0MKK1Npd1dxU1ZFemE1OGRwNEtoVkdya3VmZ3UrNUw0TmIyOFBYdkpGaUU5a3BHZTlGUkRXWGFvTjdXZW45bkFUVApYKzJ6alRVT3lKRVVyaGV4Ry9mVTNHS3c5NysrT1Z4Nlg5czVpekt3VHovR2J3eGl3bGZZRVVRUlJBcDFBNTdZCi9MR2NYKy9rQUxYVHpBeU5RN3NaeTNWRmtDRXhmYkg0VlVjcTBmcFl4TVBPaU5Cc1NuMUd6Q0JrNm1jQUJ6d20KYzFIck00SCtNcHF6WVF2VmNCbkFCK1ZBSXNtaGFlNmZmYkR2MFBCamVra0xsQzUxd09CS2tDWGJ0eGVCTTRrZgpCYkd0OG5sMlkvSmxHU2V6QU15WmJYSlRoME1WYmRzNnM4c00rVktZcHVId2hpcldxaXBJOXFFWGhMOD0KLS0tLS1FTkQgUlNBIFBSSVZBVEUgS0VZLS0tLS0K\n    token: 3xiakmsmombdt6c5vlpne3wln25me64gikjbudt6mebclni6d5f6kme1h3eaq7uixi48gabalyutxl3awdt246abpbtogisd9px8pfqre2qp33d319n00ncebn0iy9t8\n",
            "kubelet_identity": [
              {
                "client_id": "c5a93a09-901c-45d2-9c19-ce6067f126c1",
                "object_id": "4001e19a-ae38-461b-b1ed-bc305730be74",
                "user_assigned_identity_id": "/subscriptions/e810b42d-1a34-478a-9e9b-3c73cde1571a/resourceGroups/MC_miResourceGroup_miAKS_westeurope/providers/Microsoft.ManagedIdentity/userAssignedIdentities/miAKS-agentpool"
              }
            ],
            "kubernetes_version": "1.30",
            "linux_profile": [],
            "local_account_disabled": false,
            "location": "westeurope",
            "maintenance_window": [],
            "maintenance_window_auto_upgrade": [],
            "maintenance_window_node_os": [],
            "microsoft_defender": [],
            "monitor_metrics": [],
            "name": "miAKS",
            "network_profile": [
              {
                "dns_service_ip": "10.0.0.10",
                "docker_bridge_cidr": "",
                "ebpf_data_plane": "",
                "ip_versions": [
                  "IPv4"
                ],
                "load_balancer_profile": [
                  {
                    "effective_outbound_ips": [
                      "/subscriptions/e810b42d-1a34-478a-9e9b-3c73cde1571a/resourceGroups/MC_miResourceGroup_miAKS_westeurope/providers/Microsoft.Network/publicIPAddresses/bf5b9907-ce40-488c-8d8d-8506db1aafb0"
                    ],
                    "idle_timeout_in_minutes": 0,
                    "managed_outbound_ip_count": 1,
                    "managed_outbound_ipv6_count": 0,
                    "outbound_ip_address_ids": [],
                    "outbound_ip_prefix_ids": [],
                    "outbound_ports_allocated": 0
                  }
                ],
                "load_balancer_sku": "standard",
                "nat_gateway_profile": [],
                "network_data_plane": "azure",
                "network_mode": "",
                "network_plugin": "azure",
                "network_plugin_mode": "overlay",
                "network_policy": "",
                "outbound_ip_address_ids": [],
                "outbound_ip_prefix_ids": [],
                "outbound_type": "loadBalancer",
                "pod_cidr": "10.244.0.0/16",
                "pod_cidrs": [
                  "10.244.0.0/16"
                ],
                "service_cidr": "10.0.0.0/16",
                "service_cidrs": [
                  "10.0.0.0/16"
                ]
              }
            ],
            "node_os_channel_upgrade": null,
            "node_resource_group": "MC_miResourceGroup_miAKS_westeurope",
            "node_resource_group_id": "/subscriptions/e810b42d-1a34-478a-9e9b-3c73cde1571a/resourceGroups/MC_miResourceGroup_miAKS_westeurope",
            "oidc_issuer_enabled": false,
            "oidc_issuer_url": "",
            "oms_agent": [],
            "open_service_mesh_enabled": null,
            "portal_fqdn": "mi-dns-3xin831n.portal.hcp.westeurope.azmk8s.io",
            "private_cluster_enabled": false,
            "private_cluster_public_fqdn_enabled": false,
            "private_dns_zone_id": "",
            "private_fqdn": "",
            "public_network_access_enabled": true,
            "resource_group_name": "miResourceGroup",
            "role_based_access_control_enabled": true,
            "run_command_enabled": true,
            "service_mesh_profile": [],
            "service_principal": [],
            "sku_tier": "Free",
            "storage_profile": [],
            "support_plan": "KubernetesOfficial",
            "tags": {
              "environment": "CP2"
            },
            "timeouts": null,
            "web_app_routing": [],
            "windows_profile": [],
            "workload_autoscaler_profile": [],
            "workload_identity_enabled": false
          },
          "sensitive_attributes": [
            [
              {
                "type": "get_attr",
                "value": "kube_config_raw"
              }
            ],
            [
              {
                "type": "get_attr",
                "value": "kube_admin_config_raw"
              }
            ],
            [
              {
                "type": "get_attr",
                "value": "kube_config"
              }
            ],
            [
              {
                "type": "get_attr",
                "value": "kube_admin_config"
              }
            ]
          ],
          "private": "eyJlMmJmYjczMC1lY2FhLTExZTYtOGY4OC0zNDM2M2JjN2M0YzAiOnsiY3JlYXRlIjo1NDAwMDAwMDAwMDAwLCJkZWxldGUiOjU0MDAwMDAwMDAwMDAsInJlYWQiOjMwMDAwMDAwMDAwMCwidXBkYXRlIjo1NDAwMDAwMDAwMDAwfSwic2NoZW1hX3ZlcnNpb24iOiIyIn0=",
          "dependencies": [
            "azurerm_resource_group.rg"
          ]
        }
      ]
    },
    {
      "mode": "managed",
      "type": "azurerm_linux_virtual_machine",
      "name": "myVM1",
      "provider": "provider[\"registry.terraform.io/hashicorp/azurerm\"]",
      "instances": [
        {
          "schema_version": 0,
          "attributes": {
            "additional_capabilities": [],
            "admin_password": null,
            "admin_ssh_key": [
              {
                "public_key": "ssh-rsa AAAAB3NzaC1yc2EAAAADAQABAAACAQD1KSoHDH9RXAqPwXAQez46DGenjxzagmvYttmTGUy0JEzag10iqO0aF70vX8dRfdmiOWaKIAE9cIm9Zl+PxfOhtXFdAj0IZcy+xxzXcihgNZ1X67J1kxVUUfk1dm3E5x+g4O6B+YzXpwQfetjCUex3bvbn3Jwd3tCpzNf1WmsbLrE64Rv57tmWEJzAp/a4ubXEjDY4sEC8+r/iWeIRE2TfxLdwYS78k90qAfaQAd+ZeAIXQjkTpPvTegoSdc/fhVtaGmc5FHR1SiNt2DNaJNhOyQ9Mnha5NVWbSbXuCmHt/cxwdcdi/TT8NiYeCORlUUOAUiOOC2lgOGsV1PY52fSNcyBGJ5NCw8mvnSe41+AYxoUWHxo5wQcGEr6h32SJC4KpgQvvoVcvpIBJ33wn/YZGHXALE/PBUKcO4eqrt2Yx1Bu8dccCrebGme2kNEbiqchlo/GO+Xi7/igducpB+b3RzhQ3LnfbcHBoR/LhH6Dshnrsc0Ds39mN4GBCPaEPOCU+fLaA7vKqRo3DYo+hWvYaDNDi4iY16nCeWoxzkpbbxrlHytz0MDF8fLeghWXbUFYUvCexpfoMtIzr8OfTTIicXCr4caqH2n5x8AZFQpLlVH6uA2f425w7qsc6vT+mZ8hyDhlAwNmbIAJ8yUVNDuYq8JNNK8W1F8Xq2rPHaFPybQ== terraform-azure\r\n",
                "username": "adminUsername"
              }
            ],
            "admin_username": "adminUsername",
            "allow_extension_operations": true,
            "availability_set_id": "",
            "boot_diagnostics": [
              {
                "storage_account_uri": "https://staccountcp2.blob.core.windows.net/"
              }
            ],
            "bypass_platform_safety_checks_on_user_schedule_enabled": false,
            "capacity_reservation_group_id": "",
            "computer_name": "my-first-azure-vm",
            "custom_data": null,
            "dedicated_host_group_id": "",
            "dedicated_host_id": "",
            "disable_password_authentication": true,
            "disk_controller_type": "SCSI",
            "edge_zone": "",
            "encryption_at_host_enabled": false,
            "eviction_policy": "",
            "extensions_time_budget": "PT1H30M",
            "gallery_application": [],
            "id": "/subscriptions/e810b42d-1a34-478a-9e9b-3c73cde1571a/resourceGroups/miResourceGroup/providers/Microsoft.Compute/virtualMachines/my-first-azure-vm",
            "identity": [],
            "license_type": "",
            "location": "westeurope",
            "max_bid_price": -1,
            "name": "my-first-azure-vm",
            "network_interface_ids": [
              "/subscriptions/e810b42d-1a34-478a-9e9b-3c73cde1571a/resourceGroups/miResourceGroup/providers/Microsoft.Network/networkInterfaces/vmnic1"
            ],
            "os_disk": [
              {
                "caching": "ReadWrite",
                "diff_disk_settings": [],
                "disk_encryption_set_id": "",
                "disk_size_gb": 30,
                "name": "my-first-azure-vm_OsDisk_1_4ba57178779948748508f8bb5058b2dd",
                "secure_vm_disk_encryption_set_id": "",
                "security_encryption_type": "",
                "storage_account_type": "Standard_LRS",
                "write_accelerator_enabled": false
              }
            ],
            "os_image_notification": [],
            "patch_assessment_mode": "ImageDefault",
            "patch_mode": "ImageDefault",
            "plan": [],
            "platform_fault_domain": -1,
            "priority": "Regular",
            "private_ip_address": "10.0.1.10",
            "private_ip_addresses": [
              "10.0.1.10"
            ],
            "provision_vm_agent": true,
            "proximity_placement_group_id": "",
            "public_ip_address": "20.160.108.76",
            "public_ip_addresses": [
              "20.160.108.76"
            ],
            "reboot_setting": "",
            "resource_group_name": "miResourceGroup",
            "secret": [],
            "secure_boot_enabled": false,
            "size": "Standard_D2s_v3",
            "source_image_id": "",
            "source_image_reference": [
              {
                "offer": "ubuntu-24_04-lts",
                "publisher": "Canonical",
                "sku": "server",
                "version": "latest"
              }
            ],
            "tags": {
              "environment": "CP2"
            },
            "termination_notification": null,
            "timeouts": null,
            "user_data": "",
            "virtual_machine_id": "16d983f1-a6ea-4b41-afb3-eed4ac261991",
            "virtual_machine_scale_set_id": "",
            "vm_agent_platform_updates_enabled": false,
            "vtpm_enabled": false,
            "zone": ""
          },
          "sensitive_attributes": [
            [
              {
                "type": "get_attr",
                "value": "custom_data"
              }
            ],
            [
              {
                "type": "get_attr",
                "value": "admin_password"
              }
            ]
          ],
          "private": "eyJlMmJmYjczMC1lY2FhLTExZTYtOGY4OC0zNDM2M2JjN2M0YzAiOnsiY3JlYXRlIjoyNzAwMDAwMDAwMDAwLCJkZWxldGUiOjI3MDAwMDAwMDAwMDAsInJlYWQiOjMwMDAwMDAwMDAwMCwidXBkYXRlIjoyNzAwMDAwMDAwMDAwfX0=",
          "dependencies": [
            "azurerm_network_interface.myNic1",
            "azurerm_public_ip.myPublicIp1",
            "azurerm_resource_group.rg",
            "azurerm_storage_account.stAccount",
            "azurerm_subnet.mySubnet",
            "azurerm_virtual_network.myNet"
          ]
        }
      ]
    },
    {
      "mode": "managed",
      "type": "azurerm_network_interface",
      "name": "myNic1",
      "provider": "provider[\"registry.terraform.io/hashicorp/azurerm\"]",
      "instances": [
        {
          "schema_version": 0,
          "attributes": {
            "accelerated_networking_enabled": false,
            "applied_dns_servers": [],
            "auxiliary_mode": "",
            "auxiliary_sku": "",
            "dns_servers": [],
            "edge_zone": "",
            "enable_accelerated_networking": false,
            "enable_ip_forwarding": false,
            "id": "/subscriptions/e810b42d-1a34-478a-9e9b-3c73cde1571a/resourceGroups/miResourceGroup/providers/Microsoft.Network/networkInterfaces/vmnic1",
            "internal_dns_name_label": "",
            "internal_domain_name_suffix": "v0invyl5u1eu3nlnlmsyisbckb.ax.internal.cloudapp.net",
            "ip_configuration": [
              {
                "gateway_load_balancer_frontend_ip_configuration_id": "",
                "name": "myipconfiguration",
                "primary": true,
                "private_ip_address": "10.0.1.10",
                "private_ip_address_allocation": "Static",
                "private_ip_address_version": "IPv4",
                "public_ip_address_id": "/subscriptions/e810b42d-1a34-478a-9e9b-3c73cde1571a/resourceGroups/miResourceGroup/providers/Microsoft.Network/publicIPAddresses/vmip1",
                "subnet_id": "/subscriptions/e810b42d-1a34-478a-9e9b-3c73cde1571a/resourceGroups/miResourceGroup/providers/Microsoft.Network/virtualNetworks/kubernetesnet/subnets/terraformsubnet"
              }
            ],
            "ip_forwarding_enabled": false,
            "location": "westeurope",
            "mac_address": "",
            "name": "vmnic1",
            "private_ip_address": "10.0.1.10",
            "private_ip_addresses": [
              "10.0.1.10"
            ],
            "resource_group_name": "miResourceGroup",
            "tags": {
              "environment": "CP2"
            },
            "timeouts": null,
            "virtual_machine_id": ""
          },
          "sensitive_attributes": [],
          "private": "eyJlMmJmYjczMC1lY2FhLTExZTYtOGY4OC0zNDM2M2JjN2M0YzAiOnsiY3JlYXRlIjoxODAwMDAwMDAwMDAwLCJkZWxldGUiOjE4MDAwMDAwMDAwMDAsInJlYWQiOjMwMDAwMDAwMDAwMCwidXBkYXRlIjoxODAwMDAwMDAwMDAwfX0=",
          "dependencies": [
            "azurerm_public_ip.myPublicIp1",
            "azurerm_resource_group.rg",
            "azurerm_subnet.mySubnet",
            "azurerm_virtual_network.myNet"
          ]
        }
      ]
    },
    {
      "mode": "managed",
      "type": "azurerm_network_interface_security_group_association",
      "name": "mySecGroupAssociation1",
      "provider": "provider[\"registry.terraform.io/hashicorp/azurerm\"]",
      "instances": [
        {
          "schema_version": 0,
          "attributes": {
            "id": "/subscriptions/e810b42d-1a34-478a-9e9b-3c73cde1571a/resourceGroups/miResourceGroup/providers/Microsoft.Network/networkInterfaces/vmnic1|/subscriptions/e810b42d-1a34-478a-9e9b-3c73cde1571a/resourceGroups/miResourceGroup/providers/Microsoft.Network/networkSecurityGroups/sshtraffic",
            "network_interface_id": "/subscriptions/e810b42d-1a34-478a-9e9b-3c73cde1571a/resourceGroups/miResourceGroup/providers/Microsoft.Network/networkInterfaces/vmnic1",
            "network_security_group_id": "/subscriptions/e810b42d-1a34-478a-9e9b-3c73cde1571a/resourceGroups/miResourceGroup/providers/Microsoft.Network/networkSecurityGroups/sshtraffic",
            "timeouts": null
          },
          "sensitive_attributes": [],
          "private": "eyJlMmJmYjczMC1lY2FhLTExZTYtOGY4OC0zNDM2M2JjN2M0YzAiOnsiY3JlYXRlIjoxODAwMDAwMDAwMDAwLCJkZWxldGUiOjE4MDAwMDAwMDAwMDAsInJlYWQiOjMwMDAwMDAwMDAwMH19",
          "dependencies": [
            "azurerm_network_interface.myNic1",
            "azurerm_network_security_group.mySecGroup",
            "azurerm_public_ip.myPublicIp1",
            "azurerm_resource_group.rg",
            "azurerm_subnet.mySubnet",
            "azurerm_virtual_network.myNet"
          ]
        }
      ]
    },
    {
      "mode": "managed",
      "type": "azurerm_network_security_group",
      "name": "mySecGroup",
      "provider": "provider[\"registry.terraform.io/hashicorp/azurerm\"]",
      "instances": [
        {
          "schema_version": 0,
          "attributes": {
            "id": "/subscriptions/e810b42d-1a34-478a-9e9b-3c73cde1571a/resourceGroups/miResourceGroup/providers/Microsoft.Network/networkSecurityGroups/sshtraffic",
            "location": "westeurope",
            "name": "sshtraffic",
            "resource_group_name": "miResourceGroup",
            "security_rule": [
              {
                "access": "Allow",
                "description": "",
                "destination_address_prefix": "*",
                "destination_address_prefixes": [],
                "destination_application_security_group_ids": [],
                "destination_port_range": "22",
                "destination_port_ranges": [],
                "direction": "Inbound",
                "name": "SSH",
                "priority": 1001,
                "protocol": "Tcp",
                "source_address_prefix": "*",
                "source_address_prefixes": [],
                "source_application_security_group_ids": [],
                "source_port_range": "*",
                "source_port_ranges": []
              },
              {
                "access": "Allow",
                "description": "",
                "destination_address_prefix": "*",
                "destination_address_prefixes": [],
                "destination_application_security_group_ids": [],
                "destination_port_range": "80",
                "destination_port_ranges": [],
                "direction": "Inbound",
                "name": "HTTP",
                "priority": 1002,
                "protocol": "Tcp",
                "source_address_prefix": "*",
                "source_address_prefixes": [],
                "source_application_security_group_ids": [],
                "source_port_range": "*",
                "source_port_ranges": []
              }
            ],
            "tags": {
              "environment": "CP2"
            },
            "timeouts": null
          },
          "sensitive_attributes": [],
          "private": "eyJlMmJmYjczMC1lY2FhLTExZTYtOGY4OC0zNDM2M2JjN2M0YzAiOnsiY3JlYXRlIjoxODAwMDAwMDAwMDAwLCJkZWxldGUiOjE4MDAwMDAwMDAwMDAsInJlYWQiOjMwMDAwMDAwMDAwMCwidXBkYXRlIjoxODAwMDAwMDAwMDAwfX0=",
          "dependencies": [
            "azurerm_resource_group.rg"
          ]
        }
      ]
    },
    {
      "mode": "managed",
      "type": "azurerm_public_ip",
      "name": "myPublicIp1",
      "provider": "provider[\"registry.terraform.io/hashicorp/azurerm\"]",
      "instances": [
        {
          "schema_version": 0,
          "attributes": {
            "allocation_method": "Dynamic",
            "ddos_protection_mode": "VirtualNetworkInherited",
            "ddos_protection_plan_id": null,
            "domain_name_label": null,
            "edge_zone": "",
            "fqdn": null,
            "id": "/subscriptions/e810b42d-1a34-478a-9e9b-3c73cde1571a/resourceGroups/miResourceGroup/providers/Microsoft.Network/publicIPAddresses/vmip1",
            "idle_timeout_in_minutes": 4,
            "ip_address": "",
            "ip_tags": null,
            "ip_version": "IPv4",
            "location": "westeurope",
            "name": "vmip1",
            "public_ip_prefix_id": null,
            "resource_group_name": "miResourceGroup",
            "reverse_fqdn": null,
            "sku": "Basic",
            "sku_tier": "Regional",
            "tags": {
              "environment": "CP2"
            },
            "timeouts": null,
            "zones": null
          },
          "sensitive_attributes": [],
          "private": "eyJlMmJmYjczMC1lY2FhLTExZTYtOGY4OC0zNDM2M2JjN2M0YzAiOnsiY3JlYXRlIjoxODAwMDAwMDAwMDAwLCJkZWxldGUiOjE4MDAwMDAwMDAwMDAsInJlYWQiOjMwMDAwMDAwMDAwMCwidXBkYXRlIjoxODAwMDAwMDAwMDAwfX0=",
          "dependencies": [
            "azurerm_resource_group.rg"
          ]
        }
      ]
    },
    {
      "mode": "managed",
      "type": "azurerm_resource_group",
      "name": "rg",
      "provider": "provider[\"registry.terraform.io/hashicorp/azurerm\"]",
      "instances": [
        {
          "schema_version": 0,
          "attributes": {
            "id": "/subscriptions/e810b42d-1a34-478a-9e9b-3c73cde1571a/resourceGroups/miResourceGroup",
            "location": "westeurope",
            "managed_by": "",
            "name": "miResourceGroup",
            "tags": {
              "environment": "CP2"
            },
            "timeouts": null
          },
          "sensitive_attributes": [],
          "private": "eyJlMmJmYjczMC1lY2FhLTExZTYtOGY4OC0zNDM2M2JjN2M0YzAiOnsiY3JlYXRlIjo1NDAwMDAwMDAwMDAwLCJkZWxldGUiOjU0MDAwMDAwMDAwMDAsInJlYWQiOjMwMDAwMDAwMDAwMCwidXBkYXRlIjo1NDAwMDAwMDAwMDAwfSwic2NoZW1hX3ZlcnNpb24iOiIwIn0="
        }
      ]
    },
    {
      "mode": "managed",
      "type": "azurerm_role_assignment",
      "name": "ra-perm",
      "provider": "provider[\"registry.terraform.io/hashicorp/azurerm\"]",
      "instances": [
        {
          "schema_version": 0,
          "attributes": {
            "condition": "",
            "condition_version": "",
            "delegated_managed_identity_resource_id": "",
            "description": "",
            "id": "/subscriptions/e810b42d-1a34-478a-9e9b-3c73cde1571a/resourceGroups/miResourceGroup/providers/Microsoft.ContainerRegistry/registries/miContainerRegistry/providers/Microsoft.Authorization/roleAssignments/0cfa112e-9ec1-21cf-6690-2f40d7b70b70",
            "name": "0cfa112e-9ec1-21cf-6690-2f40d7b70b70",
            "principal_id": "46e5c674-9d86-4674-b33d-982578d759d6",
            "principal_type": "ServicePrincipal",
            "role_definition_id": "/subscriptions/e810b42d-1a34-478a-9e9b-3c73cde1571a/providers/Microsoft.Authorization/roleDefinitions/7f951dda-4ed3-4680-a7ca-43fe172d538d",
            "role_definition_name": "AcrPull",
            "scope": "/subscriptions/e810b42d-1a34-478a-9e9b-3c73cde1571a/resourceGroups/miResourceGroup/providers/Microsoft.ContainerRegistry/registries/miContainerRegistry",
            "skip_service_principal_aad_check": null,
            "timeouts": null
          },
          "sensitive_attributes": [],
          "private": "eyJlMmJmYjczMC1lY2FhLTExZTYtOGY4OC0zNDM2M2JjN2M0YzAiOnsiY3JlYXRlIjoxODAwMDAwMDAwMDAwLCJkZWxldGUiOjE4MDAwMDAwMDAwMDAsInJlYWQiOjMwMDAwMDAwMDAwMH19",
          "dependencies": [
            "azurerm_container_registry.acr",
            "azurerm_kubernetes_cluster.aks",
            "azurerm_resource_group.rg"
          ]
        }
      ]
    },
    {
      "mode": "managed",
      "type": "azurerm_storage_account",
      "name": "stAccount",
      "provider": "provider[\"registry.terraform.io/hashicorp/azurerm\"]",
      "instances": [
        {
          "schema_version": 4,
          "attributes": {
            "access_tier": "Hot",
            "account_kind": "StorageV2",
            "account_replication_type": "LRS",
            "account_tier": "Standard",
            "allow_nested_items_to_be_public": true,
            "allowed_copy_scope": "",
            "azure_files_authentication": [],
            "blob_properties": [
              {
                "change_feed_enabled": false,
                "change_feed_retention_in_days": 0,
                "container_delete_retention_policy": [],
                "cors_rule": [],
                "default_service_version": "",
                "delete_retention_policy": [],
                "last_access_time_enabled": false,
                "restore_policy": [],
                "versioning_enabled": false
              }
            ],
            "cross_tenant_replication_enabled": true,
            "custom_domain": [],
            "customer_managed_key": [],
            "default_to_oauth_authentication": false,
            "dns_endpoint_type": "Standard",
            "edge_zone": "",
            "enable_https_traffic_only": true,
            "https_traffic_only_enabled": true,
            "id": "/subscriptions/e810b42d-1a34-478a-9e9b-3c73cde1571a/resourceGroups/miResourceGroup/providers/Microsoft.Storage/storageAccounts/staccountcp2",
            "identity": [],
            "immutability_policy": [],
            "infrastructure_encryption_enabled": false,
            "is_hns_enabled": false,
            "large_file_share_enabled": false,
            "local_user_enabled": true,
            "location": "westeurope",
            "min_tls_version": "TLS1_2",
            "name": "staccountcp2",
            "network_rules": [],
            "nfsv3_enabled": false,
            "primary_access_key": "JUVZz0xUlvGGisT16ASDO77QNmko4a5ZX0R0lP3jJN5TtNoua6JyayLeAh0e+nWhxeusVqATchtk+AStbrV0Ow==",
            "primary_blob_connection_string": "DefaultEndpointsProtocol=https;BlobEndpoint=https://staccountcp2.blob.core.windows.net/;AccountName=staccountcp2;AccountKey=JUVZz0xUlvGGisT16ASDO77QNmko4a5ZX0R0lP3jJN5TtNoua6JyayLeAh0e+nWhxeusVqATchtk+AStbrV0Ow==",
            "primary_blob_endpoint": "https://staccountcp2.blob.core.windows.net/",
            "primary_blob_host": "staccountcp2.blob.core.windows.net",
            "primary_blob_internet_endpoint": "",
            "primary_blob_internet_host": "",
            "primary_blob_microsoft_endpoint": "",
            "primary_blob_microsoft_host": "",
            "primary_connection_string": "DefaultEndpointsProtocol=https;AccountName=staccountcp2;AccountKey=JUVZz0xUlvGGisT16ASDO77QNmko4a5ZX0R0lP3jJN5TtNoua6JyayLeAh0e+nWhxeusVqATchtk+AStbrV0Ow==;EndpointSuffix=core.windows.net",
            "primary_dfs_endpoint": "https://staccountcp2.dfs.core.windows.net/",
            "primary_dfs_host": "staccountcp2.dfs.core.windows.net",
            "primary_dfs_internet_endpoint": "",
            "primary_dfs_internet_host": "",
            "primary_dfs_microsoft_endpoint": "",
            "primary_dfs_microsoft_host": "",
            "primary_file_endpoint": "https://staccountcp2.file.core.windows.net/",
            "primary_file_host": "staccountcp2.file.core.windows.net",
            "primary_file_internet_endpoint": "",
            "primary_file_internet_host": "",
            "primary_file_microsoft_endpoint": "",
            "primary_file_microsoft_host": "",
            "primary_location": "westeurope",
            "primary_queue_endpoint": "https://staccountcp2.queue.core.windows.net/",
            "primary_queue_host": "staccountcp2.queue.core.windows.net",
            "primary_queue_microsoft_endpoint": "",
            "primary_queue_microsoft_host": "",
            "primary_table_endpoint": "https://staccountcp2.table.core.windows.net/",
            "primary_table_host": "staccountcp2.table.core.windows.net",
            "primary_table_microsoft_endpoint": "",
            "primary_table_microsoft_host": "",
            "primary_web_endpoint": "https://staccountcp2.z6.web.core.windows.net/",
            "primary_web_host": "staccountcp2.z6.web.core.windows.net",
            "primary_web_internet_endpoint": "",
            "primary_web_internet_host": "",
            "primary_web_microsoft_endpoint": "",
            "primary_web_microsoft_host": "",
            "public_network_access_enabled": true,
            "queue_encryption_key_type": "Service",
            "queue_properties": [
              {
                "cors_rule": [],
                "hour_metrics": [
                  {
                    "enabled": false,
                    "include_apis": false,
                    "retention_policy_days": 0,
                    "version": "1.0"
                  }
                ],
                "logging": [
                  {
                    "delete": false,
                    "read": false,
                    "retention_policy_days": 0,
                    "version": "1.0",
                    "write": false
                  }
                ],
                "minute_metrics": [
                  {
                    "enabled": false,
                    "include_apis": false,
                    "retention_policy_days": 0,
                    "version": "1.0"
                  }
                ]
              }
            ],
            "resource_group_name": "miResourceGroup",
            "routing": [],
            "sas_policy": [],
            "secondary_access_key": "Ru0fZZFK80ZswB3HDCss8yBdE7mw5a6ipGaECGWphzZjwBBvurCidrSP6W/zDCdiJoa6Qlr4v18M+AStW60FLw==",
            "secondary_blob_connection_string": "",
            "secondary_blob_endpoint": "",
            "secondary_blob_host": "",
            "secondary_blob_internet_endpoint": "",
            "secondary_blob_internet_host": "",
            "secondary_blob_microsoft_endpoint": "",
            "secondary_blob_microsoft_host": "",
            "secondary_connection_string": "DefaultEndpointsProtocol=https;AccountName=staccountcp2;AccountKey=Ru0fZZFK80ZswB3HDCss8yBdE7mw5a6ipGaECGWphzZjwBBvurCidrSP6W/zDCdiJoa6Qlr4v18M+AStW60FLw==;EndpointSuffix=core.windows.net",
            "secondary_dfs_endpoint": "",
            "secondary_dfs_host": "",
            "secondary_dfs_internet_endpoint": "",
            "secondary_dfs_internet_host": "",
            "secondary_dfs_microsoft_endpoint": "",
            "secondary_dfs_microsoft_host": "",
            "secondary_file_endpoint": "",
            "secondary_file_host": "",
            "secondary_file_internet_endpoint": "",
            "secondary_file_internet_host": "",
            "secondary_file_microsoft_endpoint": "",
            "secondary_file_microsoft_host": "",
            "secondary_location": "",
            "secondary_queue_endpoint": "",
            "secondary_queue_host": "",
            "secondary_queue_microsoft_endpoint": "",
            "secondary_queue_microsoft_host": "",
            "secondary_table_endpoint": "",
            "secondary_table_host": "",
            "secondary_table_microsoft_endpoint": "",
            "secondary_table_microsoft_host": "",
            "secondary_web_endpoint": "",
            "secondary_web_host": "",
            "secondary_web_internet_endpoint": "",
            "secondary_web_internet_host": "",
            "secondary_web_microsoft_endpoint": "",
            "secondary_web_microsoft_host": "",
            "sftp_enabled": false,
            "share_properties": [
              {
                "cors_rule": [],
                "retention_policy": [
                  {
                    "days": 7
                  }
                ],
                "smb": []
              }
            ],
            "shared_access_key_enabled": true,
            "static_website": [],
            "table_encryption_key_type": "Service",
            "tags": {
              "environment": "CP2"
            },
            "timeouts": null
          },
          "sensitive_attributes": [
            [
              {
                "type": "get_attr",
                "value": "primary_connection_string"
              }
            ],
            [
              {
                "type": "get_attr",
                "value": "primary_blob_connection_string"
              }
            ],
            [
              {
                "type": "get_attr",
                "value": "secondary_connection_string"
              }
            ],
            [
              {
                "type": "get_attr",
                "value": "secondary_blob_connection_string"
              }
            ],
            [
              {
                "type": "get_attr",
                "value": "primary_access_key"
              }
            ],
            [
              {
                "type": "get_attr",
                "value": "secondary_access_key"
              }
            ]
          ],
          "private": "eyJlMmJmYjczMC1lY2FhLTExZTYtOGY4OC0zNDM2M2JjN2M0YzAiOnsiY3JlYXRlIjozNjAwMDAwMDAwMDAwLCJkZWxldGUiOjM2MDAwMDAwMDAwMDAsInJlYWQiOjMwMDAwMDAwMDAwMCwidXBkYXRlIjozNjAwMDAwMDAwMDAwfSwic2NoZW1hX3ZlcnNpb24iOiI0In0=",
          "dependencies": [
            "azurerm_resource_group.rg"
          ]
        }
      ]
    },
    {
      "mode": "managed",
      "type": "azurerm_subnet",
      "name": "mySubnet",
      "provider": "provider[\"registry.terraform.io/hashicorp/azurerm\"]",
      "instances": [
        {
          "schema_version": 0,
          "attributes": {
            "address_prefixes": [
              "10.0.1.0/24"
            ],
            "default_outbound_access_enabled": true,
            "delegation": [],
            "enforce_private_link_endpoint_network_policies": false,
            "enforce_private_link_service_network_policies": false,
            "id": "/subscriptions/e810b42d-1a34-478a-9e9b-3c73cde1571a/resourceGroups/miResourceGroup/providers/Microsoft.Network/virtualNetworks/kubernetesnet/subnets/terraformsubnet",
            "name": "terraformsubnet",
            "private_endpoint_network_policies": "Enabled",
            "private_endpoint_network_policies_enabled": true,
            "private_link_service_network_policies_enabled": true,
            "resource_group_name": "miResourceGroup",
            "service_endpoint_policy_ids": null,
            "service_endpoints": null,
            "timeouts": null,
            "virtual_network_name": "kubernetesnet"
          },
          "sensitive_attributes": [],
          "private": "eyJlMmJmYjczMC1lY2FhLTExZTYtOGY4OC0zNDM2M2JjN2M0YzAiOnsiY3JlYXRlIjoxODAwMDAwMDAwMDAwLCJkZWxldGUiOjE4MDAwMDAwMDAwMDAsInJlYWQiOjMwMDAwMDAwMDAwMCwidXBkYXRlIjoxODAwMDAwMDAwMDAwfX0=",
          "dependencies": [
            "azurerm_resource_group.rg",
            "azurerm_virtual_network.myNet"
          ]
        }
      ]
    },
    {
      "mode": "managed",
      "type": "azurerm_virtual_network",
      "name": "myNet",
      "provider": "provider[\"registry.terraform.io/hashicorp/azurerm\"]",
      "instances": [
        {
          "schema_version": 0,
          "attributes": {
            "address_space": [
              "10.0.0.0/16"
            ],
            "bgp_community": "",
            "ddos_protection_plan": [],
            "dns_servers": [],
            "edge_zone": "",
            "encryption": [],
            "flow_timeout_in_minutes": 0,
            "guid": "e1da90ae-a67f-4ec9-b56d-5b2584482251",
            "id": "/subscriptions/e810b42d-1a34-478a-9e9b-3c73cde1571a/resourceGroups/miResourceGroup/providers/Microsoft.Network/virtualNetworks/kubernetesnet",
            "location": "westeurope",
            "name": "kubernetesnet",
            "resource_group_name": "miResourceGroup",
            "subnet": [],
            "tags": {
              "environment": "CP2"
            },
            "timeouts": null
          },
          "sensitive_attributes": [],
          "private": "eyJlMmJmYjczMC1lY2FhLTExZTYtOGY4OC0zNDM2M2JjN2M0YzAiOnsiY3JlYXRlIjoxODAwMDAwMDAwMDAwLCJkZWxldGUiOjE4MDAwMDAwMDAwMDAsInJlYWQiOjMwMDAwMDAwMDAwMCwidXBkYXRlIjoxODAwMDAwMDAwMDAwfX0=",
          "dependencies": [
            "azurerm_resource_group.rg"
          ]
        }
      ]
    }
  ],
  "check_results": null
}
